PODS:
  - CTMediator (25)
  - Masonry (1.1.0)
  - MBProgressHUD (1.1.0)
  - MJExtension (3.0.17)
  - MJRefresh (3.2.0)
  - MKBaseClassesSDK (0.1.1):
    - Masonry
    - MBProgressHUD
    - MJExtension
    - MJRefresh
    - ReactiveCocoa (~> 2.5)
    - XRDragTableView
  - ReactiveCocoa (2.5):
    - ReactiveCocoa/UI (= 2.5)
  - ReactiveCocoa/Core (2.5):
    - ReactiveCocoa/no-arc
  - ReactiveCocoa/no-arc (2.5)
  - ReactiveCocoa/UI (2.5):
    - ReactiveCocoa/Core
  - XRDragTableView (0.1.0)

DEPENDENCIES:
  - CTMediator
  - MKBaseClassesSDK (from `http://gitlab.txooo.cc/HuangYibo/MKBaseClassesSDK`)

SPEC REPOS:
  https://github.com/cocoapods/specs.git:
    - CTMediator
    - Masonry
    - MBProgressHUD
    - MJExtension
    - MJRefresh
    - ReactiveCocoa
    - XRDragTableView

EXTERNAL SOURCES:
  MKBaseClassesSDK:
    :git: http://gitlab.txooo.cc/HuangYibo/MKBaseClassesSDK

CHECKOUT OPTIONS:
  MKBaseClassesSDK:
    :commit: 3120455db85b3aac289b5a78adb6a57de03057f1
    :git: http://gitlab.txooo.cc/HuangYibo/MKBaseClassesSDK

SPEC CHECKSUMS:
  CTMediator: 830c1fc204b3a6abf2a059510c7380f56343da0f
  Masonry: 678fab65091a9290e40e2832a55e7ab731aad201
  MBProgressHUD: e7baa36a220447d8aeb12769bf0585582f3866d9
  MJExtension: 74ec83124a68891619fb7ba9c5c811bbf1691076
  MJRefresh: ed450d6eb9d3346a2cb033ab7eb6de090aeef437
  MKBaseClassesSDK: a9b9507a485827e6f7c9c07b6e833bd0508d0890
  ReactiveCocoa: e2db045570aa97c695e7aa97c2bcab222ae51f4a
  XRDragTableView: b0aa56c76d11f06967c98f15a8e5896f75f8610a

PODFILE CHECKSUM: 0addec9f2ad698de94f5f0479c018e8a22b73863

COCOAPODS: 1.5.3
