PODS:
  - Alamofire (4.7.3)
  - Kingfisher (4.10.0)
  - ObjectMapper (3.3.0)
  - ReactiveCocoa (8.0.0):
    - ReactiveSwift (~> 4.0)
  - ReactiveSwift (4.0.0):
    - Result (~> 4.0)
  - Result (4.0.0)
  - RxCocoa (4.3.1):
    - RxSwift (~> 4.0)
  - RxSwift (4.3.1)
  - SnapKit (4.0.1)
  - SwiftyJSON (4.2.0)

DEPENDENCIES:
  - Alamofire (~> 4.7.3)
  - Kingfisher (~> 4.10.0)
  - ObjectMapper (~> 3.3.0)
  - ReactiveCocoa
  - RxCocoa (~> 4.3.1)
  - RxSwift (~> 4.3.1)
  - SnapKit (~> 4.0.1)
  - SwiftyJSON (~> 4.2.0)

SPEC REPOS:
  https://github.com/cocoapods/specs.git:
    - Alamofire
    - Kingfisher
    - ObjectMapper
    - ReactiveCocoa
    - ReactiveSwift
    - Result
    - RxCocoa
    - RxSwift
    - SnapKit
    - SwiftyJSON

SPEC CHECKSUMS:
  Alamofire: c7287b6e5d7da964a70935e5db17046b7fde6568
  Kingfisher: 43c4b802d8b5256cf1f4379e9cd10b329be6d3e2
  ObjectMapper: b612bf8c8e99c4dc0bb6013a51f7c27966ed5da9
  ReactiveCocoa: 87cb64d78424d749a0bbfd9b07e4825e8d834066
  ReactiveSwift: a2bb9ace428a109e9c0209615645d9d286c8c433
  Result: 7645bb3f50c2ce726dd0ff2fa7b6f42bbe6c3713
  RxCocoa: 78763c7b07d02455598d9fc3c1ad091a28b73635
  RxSwift: fe0fd770a43acdb7d0a53da411c9b892e69bb6e4
  SnapKit: 0de968a9fec17499afa29683b05d0c775b6d1c29
  SwiftyJSON: c4bcba26dd9ec7a027fc8eade48e2c911f229e96

PODFILE CHECKSUM: 81dd3324d5f7466ed2e480b3a72ed9d47730038c

COCOAPODS: 1.5.3
