// !$*UTF8*$!
{
	archiveVersion = 1;
	classes = {
	};
	objectVersion = 50;
	objects = {

/* Begin PBXBuildFile section */
		2ED0F58422B1EEDB00636DF0 /* AppDelegate.m in Sources */ = {isa = PBXBuildFile; fileRef = 2ED0F58322B1EEDB00636DF0 /* AppDelegate.m */; };
		2ED0F58722B1EEDB00636DF0 /* ViewController.m in Sources */ = {isa = PBXBuildFile; fileRef = 2ED0F58622B1EEDB00636DF0 /* ViewController.m */; };
		2ED0F58A22B1EEDB00636DF0 /* Main.storyboard in Resources */ = {isa = PBXBuildFile; fileRef = 2ED0F58822B1EEDB00636DF0 /* Main.storyboard */; };
		2ED0F58C22B1EEDC00636DF0 /* Assets.xcassets in Resources */ = {isa = PBXBuildFile; fileRef = 2ED0F58B22B1EEDC00636DF0 /* Assets.xcassets */; };
		2ED0F58F22B1EEDC00636DF0 /* LaunchScreen.storyboard in Resources */ = {isa = PBXBuildFile; fileRef = 2ED0F58D22B1EEDC00636DF0 /* LaunchScreen.storyboard */; };
		2ED0F59222B1EEDC00636DF0 /* main.m in Sources */ = {isa = PBXBuildFile; fileRef = 2ED0F59122B1EEDC00636DF0 /* main.m */; };
		2ED0F59C22B1EEDC00636DF0 /* MainProjectTests.m in Sources */ = {isa = PBXBuildFile; fileRef = 2ED0F59B22B1EEDC00636DF0 /* MainProjectTests.m */; };
		2ED0F5A722B1EEDC00636DF0 /* MainProjectUITests.m in Sources */ = {isa = PBXBuildFile; fileRef = 2ED0F5A622B1EEDC00636DF0 /* MainProjectUITests.m */; };
		2EF0217A22B24660003D7B26 /* ModuleA.framework in Frameworks */ = {isa = PBXBuildFile; fileRef = 2EF0217922B24660003D7B26 /* ModuleA.framework */; };
		2EF0217E22B247AA003D7B26 /* PublicModule.framework in Frameworks */ = {isa = PBXBuildFile; fileRef = 2EF0217D22B247AA003D7B26 /* PublicModule.framework */; };
		2EF0218022B24887003D7B26 /* ModuleB.framework in Frameworks */ = {isa = PBXBuildFile; fileRef = 2EF0217F22B24887003D7B26 /* ModuleB.framework */; };
/* End PBXBuildFile section */

/* Begin PBXContainerItemProxy section */
		2ED0F59822B1EEDC00636DF0 /* PBXContainerItemProxy */ = {
			isa = PBXContainerItemProxy;
			containerPortal = 2ED0F57722B1EEDB00636DF0 /* Project object */;
			proxyType = 1;
			remoteGlobalIDString = 2ED0F57E22B1EEDB00636DF0;
			remoteInfo = MainProject;
		};
		2ED0F5A322B1EEDC00636DF0 /* PBXContainerItemProxy */ = {
			isa = PBXContainerItemProxy;
			containerPortal = 2ED0F57722B1EEDB00636DF0 /* Project object */;
			proxyType = 1;
			remoteGlobalIDString = 2ED0F57E22B1EEDB00636DF0;
			remoteInfo = MainProject;
		};
/* End PBXContainerItemProxy section */

/* Begin PBXFileReference section */
		2ED0F57F22B1EEDB00636DF0 /* MainProject.app */ = {isa = PBXFileReference; explicitFileType = wrapper.application; includeInIndex = 0; path = MainProject.app; sourceTree = BUILT_PRODUCTS_DIR; };
		2ED0F58222B1EEDB00636DF0 /* AppDelegate.h */ = {isa = PBXFileReference; lastKnownFileType = sourcecode.c.h; path = AppDelegate.h; sourceTree = "<group>"; };
		2ED0F58322B1EEDB00636DF0 /* AppDelegate.m */ = {isa = PBXFileReference; lastKnownFileType = sourcecode.c.objc; path = AppDelegate.m; sourceTree = "<group>"; };
		2ED0F58522B1EEDB00636DF0 /* ViewController.h */ = {isa = PBXFileReference; lastKnownFileType = sourcecode.c.h; path = ViewController.h; sourceTree = "<group>"; };
		2ED0F58622B1EEDB00636DF0 /* ViewController.m */ = {isa = PBXFileReference; lastKnownFileType = sourcecode.c.objc; path = ViewController.m; sourceTree = "<group>"; };
		2ED0F58922B1EEDB00636DF0 /* Base */ = {isa = PBXFileReference; lastKnownFileType = file.storyboard; name = Base; path = Base.lproj/Main.storyboard; sourceTree = "<group>"; };
		2ED0F58B22B1EEDC00636DF0 /* Assets.xcassets */ = {isa = PBXFileReference; lastKnownFileType = folder.assetcatalog; path = Assets.xcassets; sourceTree = "<group>"; };
		2ED0F58E22B1EEDC00636DF0 /* Base */ = {isa = PBXFileReference; lastKnownFileType = file.storyboard; name = Base; path = Base.lproj/LaunchScreen.storyboard; sourceTree = "<group>"; };
		2ED0F59022B1EEDC00636DF0 /* Info.plist */ = {isa = PBXFileReference; lastKnownFileType = text.plist.xml; path = Info.plist; sourceTree = "<group>"; };
		2ED0F59122B1EEDC00636DF0 /* main.m */ = {isa = PBXFileReference; lastKnownFileType = sourcecode.c.objc; path = main.m; sourceTree = "<group>"; };
		2ED0F59722B1EEDC00636DF0 /* MainProjectTests.xctest */ = {isa = PBXFileReference; explicitFileType = wrapper.cfbundle; includeInIndex = 0; path = MainProjectTests.xctest; sourceTree = BUILT_PRODUCTS_DIR; };
		2ED0F59B22B1EEDC00636DF0 /* MainProjectTests.m */ = {isa = PBXFileReference; lastKnownFileType = sourcecode.c.objc; path = MainProjectTests.m; sourceTree = "<group>"; };
		2ED0F59D22B1EEDC00636DF0 /* Info.plist */ = {isa = PBXFileReference; lastKnownFileType = text.plist.xml; path = Info.plist; sourceTree = "<group>"; };
		2ED0F5A222B1EEDC00636DF0 /* MainProjectUITests.xctest */ = {isa = PBXFileReference; explicitFileType = wrapper.cfbundle; includeInIndex = 0; path = MainProjectUITests.xctest; sourceTree = BUILT_PRODUCTS_DIR; };
		2ED0F5A622B1EEDC00636DF0 /* MainProjectUITests.m */ = {isa = PBXFileReference; lastKnownFileType = sourcecode.c.objc; path = MainProjectUITests.m; sourceTree = "<group>"; };
		2ED0F5A822B1EEDC00636DF0 /* Info.plist */ = {isa = PBXFileReference; lastKnownFileType = text.plist.xml; path = Info.plist; sourceTree = "<group>"; };
		2ED0F66122B2129100636DF0 /* PrefixHeader.pch */ = {isa = PBXFileReference; lastKnownFileType = sourcecode.c.h; path = PrefixHeader.pch; sourceTree = "<group>"; };
		2EF0217722B245B1003D7B26 /* ModuleA.framework */ = {isa = PBXFileReference; explicitFileType = wrapper.framework; path = ModuleA.framework; sourceTree = BUILT_PRODUCTS_DIR; };
		2EF0217922B24660003D7B26 /* ModuleA.framework */ = {isa = PBXFileReference; explicitFileType = wrapper.framework; path = ModuleA.framework; sourceTree = BUILT_PRODUCTS_DIR; };
		2EF0217D22B247AA003D7B26 /* PublicModule.framework */ = {isa = PBXFileReference; explicitFileType = wrapper.framework; path = PublicModule.framework; sourceTree = BUILT_PRODUCTS_DIR; };
		2EF0217F22B24887003D7B26 /* ModuleB.framework */ = {isa = PBXFileReference; explicitFileType = wrapper.framework; path = ModuleB.framework; sourceTree = BUILT_PRODUCTS_DIR; };
/* End PBXFileReference section */

/* Begin PBXFrameworksBuildPhase section */
		2ED0F57C22B1EEDB00636DF0 /* Frameworks */ = {
			isa = PBXFrameworksBuildPhase;
			buildActionMask = 2147483647;
			files = (
				2EF0218022B24887003D7B26 /* ModuleB.framework in Frameworks */,
				2EF0217E22B247AA003D7B26 /* PublicModule.framework in Frameworks */,
				2EF0217A22B24660003D7B26 /* ModuleA.framework in Frameworks */,
			);
			runOnlyForDeploymentPostprocessing = 0;
		};
		2ED0F59422B1EEDC00636DF0 /* Frameworks */ = {
			isa = PBXFrameworksBuildPhase;
			buildActionMask = 2147483647;
			files = (
			);
			runOnlyForDeploymentPostprocessing = 0;
		};
		2ED0F59F22B1EEDC00636DF0 /* Frameworks */ = {
			isa = PBXFrameworksBuildPhase;
			buildActionMask = 2147483647;
			files = (
			);
			runOnlyForDeploymentPostprocessing = 0;
		};
/* End PBXFrameworksBuildPhase section */

/* Begin PBXGroup section */
		2ED0F57622B1EEDB00636DF0 = {
			isa = PBXGroup;
			children = (
				2ED0F58122B1EEDB00636DF0 /* MainProject */,
				2ED0F59A22B1EEDC00636DF0 /* MainProjectTests */,
				2ED0F5A522B1EEDC00636DF0 /* MainProjectUITests */,
				2ED0F58022B1EEDB00636DF0 /* Products */,
				2ED0F5EE22B1F1BA00636DF0 /* Frameworks */,
			);
			sourceTree = "<group>";
		};
		2ED0F58022B1EEDB00636DF0 /* Products */ = {
			isa = PBXGroup;
			children = (
				2ED0F57F22B1EEDB00636DF0 /* MainProject.app */,
				2ED0F59722B1EEDC00636DF0 /* MainProjectTests.xctest */,
				2ED0F5A222B1EEDC00636DF0 /* MainProjectUITests.xctest */,
			);
			name = Products;
			sourceTree = "<group>";
		};
		2ED0F58122B1EEDB00636DF0 /* MainProject */ = {
			isa = PBXGroup;
			children = (
				2ED0F58222B1EEDB00636DF0 /* AppDelegate.h */,
				2ED0F58322B1EEDB00636DF0 /* AppDelegate.m */,
				2ED0F58522B1EEDB00636DF0 /* ViewController.h */,
				2ED0F58622B1EEDB00636DF0 /* ViewController.m */,
				2ED0F58822B1EEDB00636DF0 /* Main.storyboard */,
				2ED0F58B22B1EEDC00636DF0 /* Assets.xcassets */,
				2ED0F58D22B1EEDC00636DF0 /* LaunchScreen.storyboard */,
				2ED0F59022B1EEDC00636DF0 /* Info.plist */,
				2ED0F59122B1EEDC00636DF0 /* main.m */,
				2ED0F66122B2129100636DF0 /* PrefixHeader.pch */,
			);
			path = MainProject;
			sourceTree = "<group>";
		};
		2ED0F59A22B1EEDC00636DF0 /* MainProjectTests */ = {
			isa = PBXGroup;
			children = (
				2ED0F59B22B1EEDC00636DF0 /* MainProjectTests.m */,
				2ED0F59D22B1EEDC00636DF0 /* Info.plist */,
			);
			path = MainProjectTests;
			sourceTree = "<group>";
		};
		2ED0F5A522B1EEDC00636DF0 /* MainProjectUITests */ = {
			isa = PBXGroup;
			children = (
				2ED0F5A622B1EEDC00636DF0 /* MainProjectUITests.m */,
				2ED0F5A822B1EEDC00636DF0 /* Info.plist */,
			);
			path = MainProjectUITests;
			sourceTree = "<group>";
		};
		2ED0F5EE22B1F1BA00636DF0 /* Frameworks */ = {
			isa = PBXGroup;
			children = (
				2EF0217F22B24887003D7B26 /* ModuleB.framework */,
				2EF0217D22B247AA003D7B26 /* PublicModule.framework */,
				2EF0217922B24660003D7B26 /* ModuleA.framework */,
				2EF0217722B245B1003D7B26 /* ModuleA.framework */,
			);
			name = Frameworks;
			sourceTree = "<group>";
		};
/* End PBXGroup section */

/* Begin PBXNativeTarget section */
		2ED0F57E22B1EEDB00636DF0 /* MainProject */ = {
			isa = PBXNativeTarget;
			buildConfigurationList = 2ED0F5AB22B1EEDC00636DF0 /* Build configuration list for PBXNativeTarget "MainProject" */;
			buildPhases = (
				2ED0F57B22B1EEDB00636DF0 /* Sources */,
				2ED0F57C22B1EEDB00636DF0 /* Frameworks */,
				2ED0F57D22B1EEDB00636DF0 /* Resources */,
			);
			buildRules = (
			);
			dependencies = (
			);
			name = MainProject;
			productName = MainProject;
			productReference = 2ED0F57F22B1EEDB00636DF0 /* MainProject.app */;
			productType = "com.apple.product-type.application";
		};
		2ED0F59622B1EEDC00636DF0 /* MainProjectTests */ = {
			isa = PBXNativeTarget;
			buildConfigurationList = 2ED0F5AE22B1EEDC00636DF0 /* Build configuration list for PBXNativeTarget "MainProjectTests" */;
			buildPhases = (
				EE89BBDFE92A619908EBDF40 /* [CP] Check Pods Manifest.lock */,
				2ED0F59322B1EEDC00636DF0 /* Sources */,
				2ED0F59422B1EEDC00636DF0 /* Frameworks */,
				2ED0F59522B1EEDC00636DF0 /* Resources */,
			);
			buildRules = (
			);
			dependencies = (
				2ED0F59922B1EEDC00636DF0 /* PBXTargetDependency */,
			);
			name = MainProjectTests;
			productName = MainProjectTests;
			productReference = 2ED0F59722B1EEDC00636DF0 /* MainProjectTests.xctest */;
			productType = "com.apple.product-type.bundle.unit-test";
		};
		2ED0F5A122B1EEDC00636DF0 /* MainProjectUITests */ = {
			isa = PBXNativeTarget;
			buildConfigurationList = 2ED0F5B122B1EEDC00636DF0 /* Build configuration list for PBXNativeTarget "MainProjectUITests" */;
			buildPhases = (
				5ECBB8BF83A365C6FF710EE4 /* [CP] Check Pods Manifest.lock */,
				2ED0F59E22B1EEDC00636DF0 /* Sources */,
				2ED0F59F22B1EEDC00636DF0 /* Frameworks */,
				2ED0F5A022B1EEDC00636DF0 /* Resources */,
			);
			buildRules = (
			);
			dependencies = (
				2ED0F5A422B1EEDC00636DF0 /* PBXTargetDependency */,
			);
			name = MainProjectUITests;
			productName = MainProjectUITests;
			productReference = 2ED0F5A222B1EEDC00636DF0 /* MainProjectUITests.xctest */;
			productType = "com.apple.product-type.bundle.ui-testing";
		};
/* End PBXNativeTarget section */

/* Begin PBXProject section */
		2ED0F57722B1EEDB00636DF0 /* Project object */ = {
			isa = PBXProject;
			attributes = {
				DefaultBuildSystemTypeForWorkspace = Original;
				LastUpgradeCheck = 1010;
				ORGANIZATIONNAME = txooo;
				TargetAttributes = {
					2ED0F57E22B1EEDB00636DF0 = {
						CreatedOnToolsVersion = 10.1;
					};
					2ED0F59622B1EEDC00636DF0 = {
						CreatedOnToolsVersion = 10.1;
						TestTargetID = 2ED0F57E22B1EEDB00636DF0;
					};
					2ED0F5A122B1EEDC00636DF0 = {
						CreatedOnToolsVersion = 10.1;
						TestTargetID = 2ED0F57E22B1EEDB00636DF0;
					};
				};
			};
			buildConfigurationList = 2ED0F57A22B1EEDB00636DF0 /* Build configuration list for PBXProject "MainProject" */;
			compatibilityVersion = "Xcode 9.3";
			developmentRegion = en;
			hasScannedForEncodings = 0;
			knownRegions = (
				en,
				Base,
			);
			mainGroup = 2ED0F57622B1EEDB00636DF0;
			productRefGroup = 2ED0F58022B1EEDB00636DF0 /* Products */;
			projectDirPath = "";
			projectRoot = "";
			targets = (
				2ED0F57E22B1EEDB00636DF0 /* MainProject */,
				2ED0F59622B1EEDC00636DF0 /* MainProjectTests */,
				2ED0F5A122B1EEDC00636DF0 /* MainProjectUITests */,
			);
		};
/* End PBXProject section */

/* Begin PBXResourcesBuildPhase section */
		2ED0F57D22B1EEDB00636DF0 /* Resources */ = {
			isa = PBXResourcesBuildPhase;
			buildActionMask = 2147483647;
			files = (
				2ED0F58F22B1EEDC00636DF0 /* LaunchScreen.storyboard in Resources */,
				2ED0F58C22B1EEDC00636DF0 /* Assets.xcassets in Resources */,
				2ED0F58A22B1EEDB00636DF0 /* Main.storyboard in Resources */,
			);
			runOnlyForDeploymentPostprocessing = 0;
		};
		2ED0F59522B1EEDC00636DF0 /* Resources */ = {
			isa = PBXResourcesBuildPhase;
			buildActionMask = 2147483647;
			files = (
			);
			runOnlyForDeploymentPostprocessing = 0;
		};
		2ED0F5A022B1EEDC00636DF0 /* Resources */ = {
			isa = PBXResourcesBuildPhase;
			buildActionMask = 2147483647;
			files = (
			);
			runOnlyForDeploymentPostprocessing = 0;
		};
/* End PBXResourcesBuildPhase section */

/* Begin PBXShellScriptBuildPhase section */
		5ECBB8BF83A365C6FF710EE4 /* [CP] Check Pods Manifest.lock */ = {
			isa = PBXShellScriptBuildPhase;
			buildActionMask = 2147483647;
			files = (
			);
			inputFileListPaths = (
			);
			inputPaths = (
				"${PODS_PODFILE_DIR_PATH}/Podfile.lock",
				"${PODS_ROOT}/Manifest.lock",
			);
			name = "[CP] Check Pods Manifest.lock";
			outputFileListPaths = (
			);
			outputPaths = (
				"$(DERIVED_FILE_DIR)/Pods-MainProjectUITests-checkManifestLockResult.txt",
			);
			runOnlyForDeploymentPostprocessing = 0;
			shellPath = /bin/sh;
			shellScript = "diff \"${PODS_PODFILE_DIR_PATH}/Podfile.lock\" \"${PODS_ROOT}/Manifest.lock\" > /dev/null\nif [ $? != 0 ] ; then\n    # print error to STDERR\n    echo \"error: The sandbox is not in sync with the Podfile.lock. Run 'pod install' or update your CocoaPods installation.\" >&2\n    exit 1\nfi\n# This output is used by Xcode 'outputs' to avoid re-running this script phase.\necho \"SUCCESS\" > \"${SCRIPT_OUTPUT_FILE_0}\"\n";
			showEnvVarsInLog = 0;
		};
		EE89BBDFE92A619908EBDF40 /* [CP] Check Pods Manifest.lock */ = {
			isa = PBXShellScriptBuildPhase;
			buildActionMask = 2147483647;
			files = (
			);
			inputFileListPaths = (
			);
			inputPaths = (
				"${PODS_PODFILE_DIR_PATH}/Podfile.lock",
				"${PODS_ROOT}/Manifest.lock",
			);
			name = "[CP] Check Pods Manifest.lock";
			outputFileListPaths = (
			);
			outputPaths = (
				"$(DERIVED_FILE_DIR)/Pods-MainProjectTests-checkManifestLockResult.txt",
			);
			runOnlyForDeploymentPostprocessing = 0;
			shellPath = /bin/sh;
			shellScript = "diff \"${PODS_PODFILE_DIR_PATH}/Podfile.lock\" \"${PODS_ROOT}/Manifest.lock\" > /dev/null\nif [ $? != 0 ] ; then\n    # print error to STDERR\n    echo \"error: The sandbox is not in sync with the Podfile.lock. Run 'pod install' or update your CocoaPods installation.\" >&2\n    exit 1\nfi\n# This output is used by Xcode 'outputs' to avoid re-running this script phase.\necho \"SUCCESS\" > \"${SCRIPT_OUTPUT_FILE_0}\"\n";
			showEnvVarsInLog = 0;
		};
/* End PBXShellScriptBuildPhase section */

/* Begin PBXSourcesBuildPhase section */
		2ED0F57B22B1EEDB00636DF0 /* Sources */ = {
			isa = PBXSourcesBuildPhase;
			buildActionMask = 2147483647;
			files = (
				2ED0F58722B1EEDB00636DF0 /* ViewController.m in Sources */,
				2ED0F59222B1EEDC00636DF0 /* main.m in Sources */,
				2ED0F58422B1EEDB00636DF0 /* AppDelegate.m in Sources */,
			);
			runOnlyForDeploymentPostprocessing = 0;
		};
		2ED0F59322B1EEDC00636DF0 /* Sources */ = {
			isa = PBXSourcesBuildPhase;
			buildActionMask = 2147483647;
			files = (
				2ED0F59C22B1EEDC00636DF0 /* MainProjectTests.m in Sources */,
			);
			runOnlyForDeploymentPostprocessing = 0;
		};
		2ED0F59E22B1EEDC00636DF0 /* Sources */ = {
			isa = PBXSourcesBuildPhase;
			buildActionMask = 2147483647;
			files = (
				2ED0F5A722B1EEDC00636DF0 /* MainProjectUITests.m in Sources */,
			);
			runOnlyForDeploymentPostprocessing = 0;
		};
/* End PBXSourcesBuildPhase section */

/* Begin PBXTargetDependency section */
		2ED0F59922B1EEDC00636DF0 /* PBXTargetDependency */ = {
			isa = PBXTargetDependency;
			target = 2ED0F57E22B1EEDB00636DF0 /* MainProject */;
			targetProxy = 2ED0F59822B1EEDC00636DF0 /* PBXContainerItemProxy */;
		};
		2ED0F5A422B1EEDC00636DF0 /* PBXTargetDependency */ = {
			isa = PBXTargetDependency;
			target = 2ED0F57E22B1EEDB00636DF0 /* MainProject */;
			targetProxy = 2ED0F5A322B1EEDC00636DF0 /* PBXContainerItemProxy */;
		};
/* End PBXTargetDependency section */

/* Begin PBXVariantGroup section */
		2ED0F58822B1EEDB00636DF0 /* Main.storyboard */ = {
			isa = PBXVariantGroup;
			children = (
				2ED0F58922B1EEDB00636DF0 /* Base */,
			);
			name = Main.storyboard;
			sourceTree = "<group>";
		};
		2ED0F58D22B1EEDC00636DF0 /* LaunchScreen.storyboard */ = {
			isa = PBXVariantGroup;
			children = (
				2ED0F58E22B1EEDC00636DF0 /* Base */,
			);
			name = LaunchScreen.storyboard;
			sourceTree = "<group>";
		};
/* End PBXVariantGroup section */

/* Begin XCBuildConfiguration section */
		2ED0F5A922B1EEDC00636DF0 /* Debug */ = {
			isa = XCBuildConfiguration;
			buildSettings = {
				ALWAYS_SEARCH_USER_PATHS = NO;
				CLANG_ANALYZER_NONNULL = YES;
				CLANG_ANALYZER_NUMBER_OBJECT_CONVERSION = YES_AGGRESSIVE;
				CLANG_CXX_LANGUAGE_STANDARD = "gnu++14";
				CLANG_CXX_LIBRARY = "libc++";
				CLANG_ENABLE_MODULES = YES;
				CLANG_ENABLE_OBJC_ARC = YES;
				CLANG_ENABLE_OBJC_WEAK = YES;
				CLANG_WARN_BLOCK_CAPTURE_AUTORELEASING = YES;
				CLANG_WARN_BOOL_CONVERSION = YES;
				CLANG_WARN_COMMA = YES;
				CLANG_WARN_CONSTANT_CONVERSION = YES;
				CLANG_WARN_DEPRECATED_OBJC_IMPLEMENTATIONS = YES;
				CLANG_WARN_DIRECT_OBJC_ISA_USAGE = YES_ERROR;
				CLANG_WARN_DOCUMENTATION_COMMENTS = YES;
				CLANG_WARN_EMPTY_BODY = YES;
				CLANG_WARN_ENUM_CONVERSION = YES;
				CLANG_WARN_INFINITE_RECURSION = YES;
				CLANG_WARN_INT_CONVERSION = YES;
				CLANG_WARN_NON_LITERAL_NULL_CONVERSION = YES;
				CLANG_WARN_OBJC_IMPLICIT_RETAIN_SELF = YES;
				CLANG_WARN_OBJC_LITERAL_CONVERSION = YES;
				CLANG_WARN_OBJC_ROOT_CLASS = YES_ERROR;
				CLANG_WARN_RANGE_LOOP_ANALYSIS = YES;
				CLANG_WARN_STRICT_PROTOTYPES = YES;
				CLANG_WARN_SUSPICIOUS_MOVE = YES;
				CLANG_WARN_UNGUARDED_AVAILABILITY = YES_AGGRESSIVE;
				CLANG_WARN_UNREACHABLE_CODE = YES;
				CLANG_WARN__DUPLICATE_METHOD_MATCH = YES;
				CODE_SIGN_IDENTITY = "iPhone Developer";
				COPY_PHASE_STRIP = NO;
				DEBUG_INFORMATION_FORMAT = dwarf;
				ENABLE_STRICT_OBJC_MSGSEND = YES;
				ENABLE_TESTABILITY = YES;
				GCC_C_LANGUAGE_STANDARD = gnu11;
				GCC_DYNAMIC_NO_PIC = NO;
				GCC_NO_COMMON_BLOCKS = YES;
				GCC_OPTIMIZATION_LEVEL = 0;
				GCC_PREPROCESSOR_DEFINITIONS = (
					"DEBUG=1",
					"$(inherited)",
				);
				GCC_WARN_64_TO_32_BIT_CONVERSION = YES;
				GCC_WARN_ABOUT_RETURN_TYPE = YES_ERROR;
				GCC_WARN_UNDECLARED_SELECTOR = YES;
				GCC_WARN_UNINITIALIZED_AUTOS = YES_AGGRESSIVE;
				GCC_WARN_UNUSED_FUNCTION = YES;
				GCC_WARN_UNUSED_VARIABLE = YES;
				IPHONEOS_DEPLOYMENT_TARGET = 12.1;
				MTL_ENABLE_DEBUG_INFO = INCLUDE_SOURCE;
				MTL_FAST_MATH = YES;
				ONLY_ACTIVE_ARCH = YES;
				SDKROOT = iphoneos;
			};
			name = Debug;
		};
		2ED0F5AA22B1EEDC00636DF0 /* Release */ = {
			isa = XCBuildConfiguration;
			buildSettings = {
				ALWAYS_SEARCH_USER_PATHS = NO;
				CLANG_ANALYZER_NONNULL = YES;
				CLANG_ANALYZER_NUMBER_OBJECT_CONVERSION = YES_AGGRESSIVE;
				CLANG_CXX_LANGUAGE_STANDARD = "gnu++14";
				CLANG_CXX_LIBRARY = "libc++";
				CLANG_ENABLE_MODULES = YES;
				CLANG_ENABLE_OBJC_ARC = YES;
				CLANG_ENABLE_OBJC_WEAK = YES;
				CLANG_WARN_BLOCK_CAPTURE_AUTORELEASING = YES;
				CLANG_WARN_BOOL_CONVERSION = YES;
				CLANG_WARN_COMMA = YES;
				CLANG_WARN_CONSTANT_CONVERSION = YES;
				CLANG_WARN_DEPRECATED_OBJC_IMPLEMENTATIONS = YES;
				CLANG_WARN_DIRECT_OBJC_ISA_USAGE = YES_ERROR;
				CLANG_WARN_DOCUMENTATION_COMMENTS = YES;
				CLANG_WARN_EMPTY_BODY = YES;
				CLANG_WARN_ENUM_CONVERSION = YES;
				CLANG_WARN_INFINITE_RECURSION = YES;
				CLANG_WARN_INT_CONVERSION = YES;
				CLANG_WARN_NON_LITERAL_NULL_CONVERSION = YES;
				CLANG_WARN_OBJC_IMPLICIT_RETAIN_SELF = YES;
				CLANG_WARN_OBJC_LITERAL_CONVERSION = YES;
				CLANG_WARN_OBJC_ROOT_CLASS = YES_ERROR;
				CLANG_WARN_RANGE_LOOP_ANALYSIS = YES;
				CLANG_WARN_STRICT_PROTOTYPES = YES;
				CLANG_WARN_SUSPICIOUS_MOVE = YES;
				CLANG_WARN_UNGUARDED_AVAILABILITY = YES_AGGRESSIVE;
				CLANG_WARN_UNREACHABLE_CODE = YES;
				CLANG_WARN__DUPLICATE_METHOD_MATCH = YES;
				CODE_SIGN_IDENTITY = "iPhone Developer";
				COPY_PHASE_STRIP = NO;
				DEBUG_INFORMATION_FORMAT = "dwarf-with-dsym";
				ENABLE_NS_ASSERTIONS = NO;
				ENABLE_STRICT_OBJC_MSGSEND = YES;
				GCC_C_LANGUAGE_STANDARD = gnu11;
				GCC_NO_COMMON_BLOCKS = YES;
				GCC_WARN_64_TO_32_BIT_CONVERSION = YES;
				GCC_WARN_ABOUT_RETURN_TYPE = YES_ERROR;
				GCC_WARN_UNDECLARED_SELECTOR = YES;
				GCC_WARN_UNINITIALIZED_AUTOS = YES_AGGRESSIVE;
				GCC_WARN_UNUSED_FUNCTION = YES;
				GCC_WARN_UNUSED_VARIABLE = YES;
				IPHONEOS_DEPLOYMENT_TARGET = 12.1;
				MTL_ENABLE_DEBUG_INFO = NO;
				MTL_FAST_MATH = YES;
				SDKROOT = iphoneos;
				VALIDATE_PRODUCT = YES;
			};
			name = Release;
		};
		2ED0F5AC22B1EEDC00636DF0 /* Debug */ = {
			isa = XCBuildConfiguration;
			buildSettings = {
				ALWAYS_SEARCH_USER_PATHS = NO;
				ASSETCATALOG_COMPILER_APPICON_NAME = AppIcon;
				CODE_SIGN_STYLE = Automatic;
				GCC_PREFIX_HEADER = $SRCROOT/MainProject/PrefixHeader.pch;
				HEADER_SEARCH_PATHS = "$(inherited)";
				INFOPLIST_FILE = MainProject/Info.plist;
				IPHONEOS_DEPLOYMENT_TARGET = 9.0;
				LD_RUNPATH_SEARCH_PATHS = (
					"$(inherited)",
					"@executable_path/Frameworks",
				);
				LIBRARY_SEARCH_PATHS = "$(inherited)";
				OTHER_LDFLAGS = (
					"$(inherited)",
					"-all_load",
				);
				PRODUCT_BUNDLE_IDENTIFIER = txooo.MainProject;
				PRODUCT_NAME = "$(TARGET_NAME)";
				TARGETED_DEVICE_FAMILY = "1,2";
				USER_HEADER_SEARCH_PATHS = "";
			};
			name = Debug;
		};
		2ED0F5AD22B1EEDC00636DF0 /* Release */ = {
			isa = XCBuildConfiguration;
			buildSettings = {
				ALWAYS_SEARCH_USER_PATHS = NO;
				ASSETCATALOG_COMPILER_APPICON_NAME = AppIcon;
				CODE_SIGN_STYLE = Automatic;
				GCC_PREFIX_HEADER = $SRCROOT/MainProject/PrefixHeader.pch;
				HEADER_SEARCH_PATHS = "$(inherited)";
				INFOPLIST_FILE = MainProject/Info.plist;
				IPHONEOS_DEPLOYMENT_TARGET = 9.0;
				LD_RUNPATH_SEARCH_PATHS = (
					"$(inherited)",
					"@executable_path/Frameworks",
				);
				LIBRARY_SEARCH_PATHS = "$(inherited)";
				OTHER_LDFLAGS = (
					"$(inherited)",
					"-all_load",
				);
				PRODUCT_BUNDLE_IDENTIFIER = txooo.MainProject;
				PRODUCT_NAME = "$(TARGET_NAME)";
				TARGETED_DEVICE_FAMILY = "1,2";
				USER_HEADER_SEARCH_PATHS = "";
			};
			name = Release;
		};
		2ED0F5AF22B1EEDC00636DF0 /* Debug */ = {
			isa = XCBuildConfiguration;
			buildSettings = {
				BUNDLE_LOADER = "$(TEST_HOST)";
				CODE_SIGN_STYLE = Automatic;
				INFOPLIST_FILE = MainProjectTests/Info.plist;
				LD_RUNPATH_SEARCH_PATHS = (
					"$(inherited)",
					"@executable_path/Frameworks",
					"@loader_path/Frameworks",
				);
				PRODUCT_BUNDLE_IDENTIFIER = txooo.MainProjectTests;
				PRODUCT_NAME = "$(TARGET_NAME)";
				TARGETED_DEVICE_FAMILY = "1,2";
				TEST_HOST = "$(BUILT_PRODUCTS_DIR)/MainProject.app/MainProject";
			};
			name = Debug;
		};
		2ED0F5B022B1EEDC00636DF0 /* Release */ = {
			isa = XCBuildConfiguration;
			buildSettings = {
				BUNDLE_LOADER = "$(TEST_HOST)";
				CODE_SIGN_STYLE = Automatic;
				INFOPLIST_FILE = MainProjectTests/Info.plist;
				LD_RUNPATH_SEARCH_PATHS = (
					"$(inherited)",
					"@executable_path/Frameworks",
					"@loader_path/Frameworks",
				);
				PRODUCT_BUNDLE_IDENTIFIER = txooo.MainProjectTests;
				PRODUCT_NAME = "$(TARGET_NAME)";
				TARGETED_DEVICE_FAMILY = "1,2";
				TEST_HOST = "$(BUILT_PRODUCTS_DIR)/MainProject.app/MainProject";
			};
			name = Release;
		};
		2ED0F5B222B1EEDC00636DF0 /* Debug */ = {
			isa = XCBuildConfiguration;
			buildSettings = {
				CODE_SIGN_STYLE = Automatic;
				INFOPLIST_FILE = MainProjectUITests/Info.plist;
				LD_RUNPATH_SEARCH_PATHS = (
					"$(inherited)",
					"@executable_path/Frameworks",
					"@loader_path/Frameworks",
				);
				PRODUCT_BUNDLE_IDENTIFIER = txooo.MainProjectUITests;
				PRODUCT_NAME = "$(TARGET_NAME)";
				TARGETED_DEVICE_FAMILY = "1,2";
				TEST_TARGET_NAME = MainProject;
			};
			name = Debug;
		};
		2ED0F5B322B1EEDC00636DF0 /* Release */ = {
			isa = XCBuildConfiguration;
			buildSettings = {
				CODE_SIGN_STYLE = Automatic;
				INFOPLIST_FILE = MainProjectUITests/Info.plist;
				LD_RUNPATH_SEARCH_PATHS = (
					"$(inherited)",
					"@executable_path/Frameworks",
					"@loader_path/Frameworks",
				);
				PRODUCT_BUNDLE_IDENTIFIER = txooo.MainProjectUITests;
				PRODUCT_NAME = "$(TARGET_NAME)";
				TARGETED_DEVICE_FAMILY = "1,2";
				TEST_TARGET_NAME = MainProject;
			};
			name = Release;
		};
/* End XCBuildConfiguration section */

/* Begin XCConfigurationList section */
		2ED0F57A22B1EEDB00636DF0 /* Build configuration list for PBXProject "MainProject" */ = {
			isa = XCConfigurationList;
			buildConfigurations = (
				2ED0F5A922B1EEDC00636DF0 /* Debug */,
				2ED0F5AA22B1EEDC00636DF0 /* Release */,
			);
			defaultConfigurationIsVisible = 0;
			defaultConfigurationName = Release;
		};
		2ED0F5AB22B1EEDC00636DF0 /* Build configuration list for PBXNativeTarget "MainProject" */ = {
			isa = XCConfigurationList;
			buildConfigurations = (
				2ED0F5AC22B1EEDC00636DF0 /* Debug */,
				2ED0F5AD22B1EEDC00636DF0 /* Release */,
			);
			defaultConfigurationIsVisible = 0;
			defaultConfigurationName = Release;
		};
		2ED0F5AE22B1EEDC00636DF0 /* Build configuration list for PBXNativeTarget "MainProjectTests" */ = {
			isa = XCConfigurationList;
			buildConfigurations = (
				2ED0F5AF22B1EEDC00636DF0 /* Debug */,
				2ED0F5B022B1EEDC00636DF0 /* Release */,
			);
			defaultConfigurationIsVisible = 0;
			defaultConfigurationName = Release;
		};
		2ED0F5B122B1EEDC00636DF0 /* Build configuration list for PBXNativeTarget "MainProjectUITests" */ = {
			isa = XCConfigurationList;
			buildConfigurations = (
				2ED0F5B222B1EEDC00636DF0 /* Debug */,
				2ED0F5B322B1EEDC00636DF0 /* Release */,
			);
			defaultConfigurationIsVisible = 0;
			defaultConfigurationName = Release;
		};
/* End XCConfigurationList section */
	};
	rootObject = 2ED0F57722B1EEDB00636DF0 /* Project object */;
}
